
Microsoft Visual Studio Solution File, Format Version 12.00
# Visual Studio Version 16
VisualStudioVersion = 16.0.30621.155
MinimumVisualStudioVersion = 10.0.40219.1
Project("{FAE04EC0-301F-11D3-BF4B-00C04F79EFBC}") = "Lab.Demo.EF", "Lab.Demo.EF\Lab.Demo.EF.csproj", "{C1FEE3A6-855E-4908-B5C4-FC40ADB57FE6}"
EndProject
Project("{FAE04EC0-301F-11D3-BF4B-00C04F79EFBC}") = "Lab.Demo.EF.DataAccess", "Lab.Demo.EF.DataAccess\Lab.Demo.EF.DataAccess.csproj", "{E92B7FB7-AF58-4C3C-B01F-3A20264BB597}"
EndProject
Project("{FAE04EC0-301F-11D3-BF4B-00C04F79EFBC}") = "Lab.Demo.EF.Entities", "Lab.Demo.EF.Entities\Lab.Demo.EF.Entities.csproj", "{47CECC4A-6D40-4CA7-94BD-A0AC0B44AED5}"
EndProject
Project("{FAE04EC0-301F-11D3-BF4B-00C04F79EFBC}") = "Lab.Demo.EF.Logic", "Lab.Demo.EF.Logic\Lab.Demo.EF.Logic.csproj", "{D0B1D4F9-A010-4BCF-A4BE-DBC4CB2092F1}"
EndProject
Project("{FAE04EC0-301F-11D3-BF4B-00C04F79EFBC}") = "Lab.Demo.EF.Exceptions", "Lab.Demo.EF.Exceptions\Lab.Demo.EF.Exceptions.csproj", "{4A0B3AEE-B2A8-4189-B66E-E2ABD7BB842F}"
EndProject
Project("{FAE04EC0-301F-11D3-BF4B-00C04F79EFBC}") = "Lab.Demo.EF.Test", "Lab.Demo.EF.Test\Lab.Demo.EF.Test.csproj", "{8B684DB2-EE20-48EE-BA88-2209AC8A8F3E}"
EndProject
Project("{FAE04EC0-301F-11D3-BF4B-00C04F79EFBC}") = "Lab.Demo.EF.Web", "Lab.Demo.EF.Web\Lab.Demo.EF.Web.csproj", "{ACD199B8-4B73-4F77-8DD3-F3D5FC1B1E89}"
EndProject
Global
	GlobalSection(SolutionConfigurationPlatforms) = preSolution
		Debug|Any CPU = Debug|Any CPU
		Release|Any CPU = Release|Any CPU
	EndGlobalSection
	GlobalSection(ProjectConfigurationPlatforms) = postSolution
		{C1FEE3A6-855E-4908-B5C4-FC40ADB57FE6}.Debug|Any CPU.ActiveCfg = Debug|Any CPU
		{C1FEE3A6-855E-4908-B5C4-FC40ADB57FE6}.Debug|Any CPU.Build.0 = Debug|Any CPU
		{C1FEE3A6-855E-4908-B5C4-FC40ADB57FE6}.Release|Any CPU.ActiveCfg = Release|Any CPU
		{C1FEE3A6-855E-4908-B5C4-FC40ADB57FE6}.Release|Any CPU.Build.0 = Release|Any CPU
		{E92B7FB7-AF58-4C3C-B01F-3A20264BB597}.Debug|Any CPU.ActiveCfg = Debug|Any CPU
		{E92B7FB7-AF58-4C3C-B01F-3A20264BB597}.Debug|Any CPU.Build.0 = Debug|Any CPU
		{E92B7FB7-AF58-4C3C-B01F-3A20264BB597}.Release|Any CPU.ActiveCfg = Release|Any CPU
		{E92B7FB7-AF58-4C3C-B01F-3A20264BB597}.Release|Any CPU.Build.0 = Release|Any CPU
		{47CECC4A-6D40-4CA7-94BD-A0AC0B44AED5}.Debug|Any CPU.ActiveCfg = Debug|Any CPU
		{47CECC4A-6D40-4CA7-94BD-A0AC0B44AED5}.Debug|Any CPU.Build.0 = Debug|Any CPU
		{47CECC4A-6D40-4CA7-94BD-A0AC0B44AED5}.Release|Any CPU.ActiveCfg = Release|Any CPU
		{47CECC4A-6D40-4CA7-94BD-A0AC0B44AED5}.Release|Any CPU.Build.0 = Release|Any CPU
		{D0B1D4F9-A010-4BCF-A4BE-DBC4CB2092F1}.Debug|Any CPU.ActiveCfg = Debug|Any CPU
		{D0B1D4F9-A010-4BCF-A4BE-DBC4CB2092F1}.Debug|Any CPU.Build.0 = Debug|Any CPU
		{D0B1D4F9-A010-4BCF-A4BE-DBC4CB2092F1}.Release|Any CPU.ActiveCfg = Release|Any CPU
		{D0B1D4F9-A010-4BCF-A4BE-DBC4CB2092F1}.Release|Any CPU.Build.0 = Release|Any CPU
		{4A0B3AEE-B2A8-4189-B66E-E2ABD7BB842F}.Debug|Any CPU.ActiveCfg = Debug|Any CPU
		{4A0B3AEE-B2A8-4189-B66E-E2ABD7BB842F}.Debug|Any CPU.Build.0 = Debug|Any CPU
		{4A0B3AEE-B2A8-4189-B66E-E2ABD7BB842F}.Release|Any CPU.ActiveCfg = Release|Any CPU
		{4A0B3AEE-B2A8-4189-B66E-E2ABD7BB842F}.Release|Any CPU.Build.0 = Release|Any CPU
		{8B684DB2-EE20-48EE-BA88-2209AC8A8F3E}.Debug|Any CPU.ActiveCfg = Debug|Any CPU
		{8B684DB2-EE20-48EE-BA88-2209AC8A8F3E}.Debug|Any CPU.Build.0 = Debug|Any CPU
		{8B684DB2-EE20-48EE-BA88-2209AC8A8F3E}.Release|Any CPU.ActiveCfg = Release|Any CPU
		{8B684DB2-EE20-48EE-BA88-2209AC8A8F3E}.Release|Any CPU.Build.0 = Release|Any CPU
		{ACD199B8-4B73-4F77-8DD3-F3D5FC1B1E89}.Debug|Any CPU.ActiveCfg = Debug|Any CPU
		{ACD199B8-4B73-4F77-8DD3-F3D5FC1B1E89}.Debug|Any CPU.Build.0 = Debug|Any CPU
		{ACD199B8-4B73-4F77-8DD3-F3D5FC1B1E89}.Release|Any CPU.ActiveCfg = Release|Any CPU
		{ACD199B8-4B73-4F77-8DD3-F3D5FC1B1E89}.Release|Any CPU.Build.0 = Release|Any CPU
	EndGlobalSection
	GlobalSection(SolutionProperties) = preSolution
		HideSolutionNode = FALSE
	EndGlobalSection
	GlobalSection(ExtensibilityGlobals) = postSolution
		SolutionGuid = {9186E174-730D-44C5-96BA-972B9C71E4E6}
	EndGlobalSection
EndGlobal
